
Microsoft Visual Studio Solution File, Format Version 12.00
# Visual Studio 14
VisualStudioVersion = 14.0.25420.1
MinimumVisualStudioVersion = 10.0.40219.1
Project("{8BC9CEB8-8B4A-11D0-8D11-00A0C91BC942}") = "用函数实现memcpy函数", "用函数实现memcpy函数\用函数实现memcpy函数.vcxproj", "{09C9C1AF-921A-4381-833E-C465C5659826}"
EndProject
Global
	GlobalSection(SolutionConfigurationPlatforms) = preSolution
		Debug|x64 = Debug|x64
		Debug|x86 = Debug|x86
		Release|x64 = Release|x64
		Release|x86 = Release|x86
	EndGlobalSection
	GlobalSection(ProjectConfigurationPlatforms) = postSolution
		{09C9C1AF-921A-4381-833E-C465C5659826}.Debug|x64.ActiveCfg = Debug|x64
		{09C9C1AF-921A-4381-833E-C465C5659826}.Debug|x64.Build.0 = Debug|x64
		{09C9C1AF-921A-4381-833E-C465C5659826}.Debug|x86.ActiveCfg = Debug|Win32
		{09C9C1AF-921A-4381-833E-C465C5659826}.Debug|x86.Build.0 = Debug|Win32
		{09C9C1AF-921A-4381-833E-C465C5659826}.Release|x64.ActiveCfg = Release|x64
		{09C9C1AF-921A-4381-833E-C465C5659826}.Release|x64.Build.0 = Release|x64
		{09C9C1AF-921A-4381-833E-C465C5659826}.Release|x86.ActiveCfg = Release|Win32
		{09C9C1AF-921A-4381-833E-C465C5659826}.Release|x86.Build.0 = Release|Win32
	EndGlobalSection
	GlobalSection(SolutionProperties) = preSolution
		HideSolutionNode = FALSE
	EndGlobalSection
EndGlobal
